{
  "originHash" : "e2fb42c3068be08500df243344cbf26d303c95aacf0ff78df8fea8c943e39f56",
  "pins" : [
    {
      "identity" : "backpackdi",
      "kind" : "remoteSourceControl",
      "location" : "https://github.com/hugobgranja/BackpackDI",
      "state" : {
        "revision" : "a9126c5eae120acea1673d35871b7bfc26853ece",
        "version" : "1.0.0"
      }
    },
    {
      "identity" : "kingfisher",
      "kind" : "remoteSourceControl",
      "location" : "https://github.com/onevcat/Kingfisher.git",
      "state" : {
        "revision" : "b6256f191b4c1d8d09f4df94bae69e5ac6e42c81",
        "version" : "8.1.1"
      }
    }
  ],
  "version" : 3
}
